// !$*UTF8*$!
{
	archiveVersion = 1;
	classes = {
	};
	objectVersion = 50;
	objects = {

/* Begin PBXBuildFile section */
		A70C7E292D13A86200ABEAB7 /* CreditCardView.swift in Sources */ = {isa = PBXBuildFile; fileRef = A70C7E282D13A86200ABEAB7 /* CreditCardView.swift */; };
		A70C7E2A2D13A86200ABEAB7 /* CreditCardView.swift in Sources */ = {isa = PBXBuildFile; fileRef = A70C7E282D13A86200ABEAB7 /* CreditCardView.swift */; };
		A70C7E2E2D13AE7700ABEAB7 /* MyCreditCardsView.swift in Sources */ = {isa = PBXBuildFile; fileRef = A70C7E2D2D13AE7700ABEAB7 /* MyCreditCardsView.swift */; };
		A70C7E2F2D13AE7700ABEAB7 /* MyCreditCardsView.swift in Sources */ = {isa = PBXBuildFile; fileRef = A70C7E2D2D13AE7700ABEAB7 /* MyCreditCardsView.swift */; };
		A74CA7E22D0BC6E600ADE11A /* CatalogosAppApp.swift in Sources */ = {isa = PBXBuildFile; fileRef = A74CA7CF2D0BC6E300ADE11A /* CatalogosAppApp.swift */; };
		A74CA7E32D0BC6E600ADE11A /* CatalogosAppApp.swift in Sources */ = {isa = PBXBuildFile; fileRef = A74CA7CF2D0BC6E300ADE11A /* CatalogosAppApp.swift */; };
		A74CA7E42D0BC6E600ADE11A /* ContentView.swift in Sources */ = {isa = PBXBuildFile; fileRef = A74CA7D02D0BC6E300ADE11A /* ContentView.swift */; };
		A74CA7E52D0BC6E600ADE11A /* ContentView.swift in Sources */ = {isa = PBXBuildFile; fileRef = A74CA7D02D0BC6E300ADE11A /* ContentView.swift */; };
		A74CA7E62D0BC6E600ADE11A /* Assets.xcassets in Resources */ = {isa = PBXBuildFile; fileRef = A74CA7D12D0BC6E600ADE11A /* Assets.xcassets */; };
		A74CA7E72D0BC6E600ADE11A /* Assets.xcassets in Resources */ = {isa = PBXBuildFile; fileRef = A74CA7D12D0BC6E600ADE11A /* Assets.xcassets */; };
		A7A15ED12D126AAE00F150F8 /* SaludosView.swift in Sources */ = {isa = PBXBuildFile; fileRef = A7A15ED02D126AAE00F150F8 /* SaludosView.swift */; };
		A7A15ED22D126AAE00F150F8 /* SaludosView.swift in Sources */ = {isa = PBXBuildFile; fileRef = A7A15ED02D126AAE00F150F8 /* SaludosView.swift */; };
		A7A15ED62D126DAF00F150F8 /* Tarea02.swift in Sources */ = {isa = PBXBuildFile; fileRef = A7A15ED52D126DAF00F150F8 /* Tarea02.swift */; };
		A7A15ED72D126DAF00F150F8 /* Tarea02.swift in Sources */ = {isa = PBXBuildFile; fileRef = A7A15ED52D126DAF00F150F8 /* Tarea02.swift */; };
		A7A19FA32D14FAD400F7AFF8 /* ImagesView.swift in Sources */ = {isa = PBXBuildFile; fileRef = A7A19FA22D14FAD400F7AFF8 /* ImagesView.swift */; };
		A7A19FA42D14FAD400F7AFF8 /* ImagesView.swift in Sources */ = {isa = PBXBuildFile; fileRef = A7A19FA22D14FAD400F7AFF8 /* ImagesView.swift */; };
		A7A19FAC2D15050E00F7AFF8 /* LoginView.swift in Sources */ = {isa = PBXBuildFile; fileRef = A7A19FAB2D15050E00F7AFF8 /* LoginView.swift */; };
		A7A19FAD2D15050E00F7AFF8 /* LoginView.swift in Sources */ = {isa = PBXBuildFile; fileRef = A7A19FAB2D15050E00F7AFF8 /* LoginView.swift */; };
		A7A19FB52D15128B00F7AFF8 /* tarea03.swift in Sources */ = {isa = PBXBuildFile; fileRef = A7A19FB42D15128B00F7AFF8 /* tarea03.swift */; };
		A7A19FB62D15128B00F7AFF8 /* tarea03.swift in Sources */ = {isa = PBXBuildFile; fileRef = A7A19FB42D15128B00F7AFF8 /* tarea03.swift */; };
		A7B04D9A2D1F79C0007DAAFC /* LabelsView.swift in Sources */ = {isa = PBXBuildFile; fileRef = A7B04D992D1F79C0007DAAFC /* LabelsView.swift */; };
		A7C358BB2D1A364800FBEA8A /* BotonesView.swift in Sources */ = {isa = PBXBuildFile; fileRef = A7C358BA2D1A364800FBEA8A /* BotonesView.swift */; };
		A7C358BC2D1A364800FBEA8A /* BotonesView.swift in Sources */ = {isa = PBXBuildFile; fileRef = A7C358BA2D1A364800FBEA8A /* BotonesView.swift */; };
		A7C358C22D1A440900FBEA8A /* ListaBotonesView.swift in Sources */ = {isa = PBXBuildFile; fileRef = A7C358C12D1A440900FBEA8A /* ListaBotonesView.swift */; };
		A7C358C32D1A440900FBEA8A /* ListaBotonesView.swift in Sources */ = {isa = PBXBuildFile; fileRef = A7C358C12D1A440900FBEA8A /* ListaBotonesView.swift */; };
/* End PBXBuildFile section */

/* Begin PBXFileReference section */
		A70C7E282D13A86200ABEAB7 /* CreditCardView.swift */ = {isa = PBXFileReference; lastKnownFileType = sourcecode.swift; path = CreditCardView.swift; sourceTree = "<group>"; };
		A70C7E2D2D13AE7700ABEAB7 /* MyCreditCardsView.swift */ = {isa = PBXFileReference; lastKnownFileType = sourcecode.swift; path = MyCreditCardsView.swift; sourceTree = "<group>"; };
		A74CA7CF2D0BC6E300ADE11A /* CatalogosAppApp.swift */ = {isa = PBXFileReference; lastKnownFileType = sourcecode.swift; path = CatalogosAppApp.swift; sourceTree = "<group>"; };
		A74CA7D02D0BC6E300ADE11A /* ContentView.swift */ = {isa = PBXFileReference; lastKnownFileType = sourcecode.swift; path = ContentView.swift; sourceTree = "<group>"; };
		A74CA7D12D0BC6E600ADE11A /* Assets.xcassets */ = {isa = PBXFileReference; lastKnownFileType = folder.assetcatalog; path = Assets.xcassets; sourceTree = "<group>"; };
		A74CA7D62D0BC6E600ADE11A /* CatalogosApp.app */ = {isa = PBXFileReference; explicitFileType = wrapper.application; includeInIndex = 0; path = CatalogosApp.app; sourceTree = BUILT_PRODUCTS_DIR; };
		A74CA7D92D0BC6E600ADE11A /* Info.plist */ = {isa = PBXFileReference; lastKnownFileType = text.plist.xml; path = Info.plist; sourceTree = "<group>"; };
		A74CA7DE2D0BC6E600ADE11A /* CatalogosApp.app */ = {isa = PBXFileReference; explicitFileType = wrapper.application; includeInIndex = 0; path = CatalogosApp.app; sourceTree = BUILT_PRODUCTS_DIR; };
		A74CA7E02D0BC6E600ADE11A /* Info.plist */ = {isa = PBXFileReference; lastKnownFileType = text.plist.xml; path = Info.plist; sourceTree = "<group>"; };
		A74CA7E12D0BC6E600ADE11A /* macOS.entitlements */ = {isa = PBXFileReference; lastKnownFileType = text.plist.entitlements; path = macOS.entitlements; sourceTree = "<group>"; };
		A7A15ED02D126AAE00F150F8 /* SaludosView.swift */ = {isa = PBXFileReference; lastKnownFileType = sourcecode.swift; path = SaludosView.swift; sourceTree = "<group>"; };
		A7A15ED52D126DAF00F150F8 /* Tarea02.swift */ = {isa = PBXFileReference; lastKnownFileType = sourcecode.swift; path = Tarea02.swift; sourceTree = "<group>"; };
		A7A19FA22D14FAD400F7AFF8 /* ImagesView.swift */ = {isa = PBXFileReference; lastKnownFileType = sourcecode.swift; path = ImagesView.swift; sourceTree = "<group>"; };
		A7A19FAB2D15050E00F7AFF8 /* LoginView.swift */ = {isa = PBXFileReference; lastKnownFileType = sourcecode.swift; path = LoginView.swift; sourceTree = "<group>"; };
		A7A19FB42D15128B00F7AFF8 /* tarea03.swift */ = {isa = PBXFileReference; lastKnownFileType = sourcecode.swift; path = tarea03.swift; sourceTree = "<group>"; };
		A7B04D992D1F79C0007DAAFC /* LabelsView.swift */ = {isa = PBXFileReference; lastKnownFileType = sourcecode.swift; path = LabelsView.swift; sourceTree = "<group>"; };
		A7C358BA2D1A364800FBEA8A /* BotonesView.swift */ = {isa = PBXFileReference; lastKnownFileType = sourcecode.swift; path = BotonesView.swift; sourceTree = "<group>"; };
		A7C358C12D1A440900FBEA8A /* ListaBotonesView.swift */ = {isa = PBXFileReference; lastKnownFileType = sourcecode.swift; path = ListaBotonesView.swift; sourceTree = "<group>"; };
/* End PBXFileReference section */

/* Begin PBXFrameworksBuildPhase section */
		A74CA7D32D0BC6E600ADE11A /* Frameworks */ = {
			isa = PBXFrameworksBuildPhase;
			buildActionMask = 2147483647;
			files = (
			);
			runOnlyForDeploymentPostprocessing = 0;
		};
		A74CA7DB2D0BC6E600ADE11A /* Frameworks */ = {
			isa = PBXFrameworksBuildPhase;
			buildActionMask = 2147483647;
			files = (
			);
			runOnlyForDeploymentPostprocessing = 0;
		};
/* End PBXFrameworksBuildPhase section */

/* Begin PBXGroup section */
		A74CA7C92D0BC6E200ADE11A = {
			isa = PBXGroup;
			children = (
				A74CA7CE2D0BC6E300ADE11A /* Shared */,
				A74CA7D82D0BC6E600ADE11A /* iOS */,
				A74CA7DF2D0BC6E600ADE11A /* macOS */,
				A74CA7D72D0BC6E600ADE11A /* Products */,
			);
			sourceTree = "<group>";
		};
		A74CA7CE2D0BC6E300ADE11A /* Shared */ = {
			isa = PBXGroup;
			children = (
				A7B04D942D1F791C007DAAFC /* Bindings */,
				A7B04D932D1F790D007DAAFC /* ViewModifiers */,
				A7C358B92D1A362E00FBEA8A /* imagenes */,
				A7A19FA12D14FAB600F7AFF8 /* tareas */,
				A7A19F9E2D14FAAC00F7AFF8 /* textos */,
				A74CA7CF2D0BC6E300ADE11A /* CatalogosAppApp.swift */,
				A74CA7D12D0BC6E600ADE11A /* Assets.xcassets */,
				A7C358C12D1A440900FBEA8A /* ListaBotonesView.swift */,
			);
			path = Shared;
			sourceTree = "<group>";
		};
		A74CA7D72D0BC6E600ADE11A /* Products */ = {
			isa = PBXGroup;
			children = (
				A74CA7D62D0BC6E600ADE11A /* CatalogosApp.app */,
				A74CA7DE2D0BC6E600ADE11A /* CatalogosApp.app */,
			);
			name = Products;
			sourceTree = "<group>";
		};
		A74CA7D82D0BC6E600ADE11A /* iOS */ = {
			isa = PBXGroup;
			children = (
				A74CA7D92D0BC6E600ADE11A /* Info.plist */,
			);
			path = iOS;
			sourceTree = "<group>";
		};
		A74CA7DF2D0BC6E600ADE11A /* macOS */ = {
			isa = PBXGroup;
			children = (
				A74CA7E02D0BC6E600ADE11A /* Info.plist */,
				A74CA7E12D0BC6E600ADE11A /* macOS.entitlements */,
			);
			path = macOS;
			sourceTree = "<group>";
		};
		A7A19F9B2D14FA9C00F7AFF8 /* creditsCards */ = {
			isa = PBXGroup;
			children = (
				A70C7E282D13A86200ABEAB7 /* CreditCardView.swift */,
				A70C7E2D2D13AE7700ABEAB7 /* MyCreditCardsView.swift */,
			);
			path = creditsCards;
			sourceTree = "<group>";
		};
		A7A19F9E2D14FAAC00F7AFF8 /* textos */ = {
			isa = PBXGroup;
			children = (
				A7A15ED02D126AAE00F150F8 /* SaludosView.swift */,
				A74CA7D02D0BC6E300ADE11A /* ContentView.swift */,
			);
			path = textos;
			sourceTree = "<group>";
		};
		A7A19FA12D14FAB600F7AFF8 /* tareas */ = {
			isa = PBXGroup;
			children = (
				A7A15ED52D126DAF00F150F8 /* Tarea02.swift */,
				A7A19FB42D15128B00F7AFF8 /* tarea03.swift */,
			);
			path = tareas;
			sourceTree = "<group>";
		};
		A7B04D932D1F790D007DAAFC /* ViewModifiers */ = {
			isa = PBXGroup;
			children = (
				A7B04D992D1F79C0007DAAFC /* LabelsView.swift */,
			);
			path = ViewModifiers;
			sourceTree = "<group>";
		};
		A7B04D942D1F791C007DAAFC /* Bindings */ = {
			isa = PBXGroup;
			children = (
				A7A19F9B2D14FA9C00F7AFF8 /* creditsCards */,
				A7C358BA2D1A364800FBEA8A /* BotonesView.swift */,
			);
			name = Bindings;
			path = "New Group1";
			sourceTree = "<group>";
		};
		A7C358B92D1A362E00FBEA8A /* imagenes */ = {
			isa = PBXGroup;
			children = (
				A7A19FA22D14FAD400F7AFF8 /* ImagesView.swift */,
				A7A19FAB2D15050E00F7AFF8 /* LoginView.swift */,
			);
			path = imagenes;
			sourceTree = "<group>";
		};
/* End PBXGroup section */

/* Begin PBXNativeTarget section */
		A74CA7D52D0BC6E600ADE11A /* CatalogosApp (iOS) */ = {
			isa = PBXNativeTarget;
			buildConfigurationList = A74CA7EA2D0BC6E600ADE11A /* Build configuration list for PBXNativeTarget "CatalogosApp (iOS)" */;
			buildPhases = (
				A74CA7D22D0BC6E600ADE11A /* Sources */,
				A74CA7D32D0BC6E600ADE11A /* Frameworks */,
				A74CA7D42D0BC6E600ADE11A /* Resources */,
			);
			buildRules = (
			);
			dependencies = (
			);
			name = "CatalogosApp (iOS)";
			productName = "CatalogosApp (iOS)";
			productReference = A74CA7D62D0BC6E600ADE11A /* CatalogosApp.app */;
			productType = "com.apple.product-type.application";
		};
		A74CA7DD2D0BC6E600ADE11A /* CatalogosApp (macOS) */ = {
			isa = PBXNativeTarget;
			buildConfigurationList = A74CA7ED2D0BC6E600ADE11A /* Build configuration list for PBXNativeTarget "CatalogosApp (macOS)" */;
			buildPhases = (
				A74CA7DA2D0BC6E600ADE11A /* Sources */,
				A74CA7DB2D0BC6E600ADE11A /* Frameworks */,
				A74CA7DC2D0BC6E600ADE11A /* Resources */,
			);
			buildRules = (
			);
			dependencies = (
			);
			name = "CatalogosApp (macOS)";
			productName = "CatalogosApp (macOS)";
			productReference = A74CA7DE2D0BC6E600ADE11A /* CatalogosApp.app */;
			productType = "com.apple.product-type.application";
		};
/* End PBXNativeTarget section */

/* Begin PBXProject section */
		A74CA7CA2D0BC6E200ADE11A /* Project object */ = {
			isa = PBXProject;
			attributes = {
				LastSwiftUpdateCheck = 1240;
				LastUpgradeCheck = 1240;
				TargetAttributes = {
					A74CA7D52D0BC6E600ADE11A = {
						CreatedOnToolsVersion = 12.4;
					};
					A74CA7DD2D0BC6E600ADE11A = {
						CreatedOnToolsVersion = 12.4;
					};
				};
			};
			buildConfigurationList = A74CA7CD2D0BC6E200ADE11A /* Build configuration list for PBXProject "CatalogosApp" */;
			compatibilityVersion = "Xcode 9.3";
			developmentRegion = en;
			hasScannedForEncodings = 0;
			knownRegions = (
				en,
				Base,
			);
			mainGroup = A74CA7C92D0BC6E200ADE11A;
			productRefGroup = A74CA7D72D0BC6E600ADE11A /* Products */;
			projectDirPath = "";
			projectRoot = "";
			targets = (
				A74CA7D52D0BC6E600ADE11A /* CatalogosApp (iOS) */,
				A74CA7DD2D0BC6E600ADE11A /* CatalogosApp (macOS) */,
			);
		};
/* End PBXProject section */

/* Begin PBXResourcesBuildPhase section */
		A74CA7D42D0BC6E600ADE11A /* Resources */ = {
			isa = PBXResourcesBuildPhase;
			buildActionMask = 2147483647;
			files = (
				A74CA7E62D0BC6E600ADE11A /* Assets.xcassets in Resources */,
			);
			runOnlyForDeploymentPostprocessing = 0;
		};
		A74CA7DC2D0BC6E600ADE11A /* Resources */ = {
			isa = PBXResourcesBuildPhase;
			buildActionMask = 2147483647;
			files = (
				A74CA7E72D0BC6E600ADE11A /* Assets.xcassets in Resources */,
			);
			runOnlyForDeploymentPostprocessing = 0;
		};
/* End PBXResourcesBuildPhase section */

/* Begin PBXSourcesBuildPhase section */
		A74CA7D22D0BC6E600ADE11A /* Sources */ = {
			isa = PBXSourcesBuildPhase;
			buildActionMask = 2147483647;
			files = (
				A7A15ED12D126AAE00F150F8 /* SaludosView.swift in Sources */,
				A7B04D9A2D1F79C0007DAAFC /* LabelsView.swift in Sources */,
				A7C358BB2D1A364800FBEA8A /* BotonesView.swift in Sources */,
				A74CA7E42D0BC6E600ADE11A /* ContentView.swift in Sources */,
				A74CA7E22D0BC6E600ADE11A /* CatalogosAppApp.swift in Sources */,
				A7A19FA32D14FAD400F7AFF8 /* ImagesView.swift in Sources */,
				A70C7E2E2D13AE7700ABEAB7 /* MyCreditCardsView.swift in Sources */,
				A70C7E292D13A86200ABEAB7 /* CreditCardView.swift in Sources */,
				A7C358C22D1A440900FBEA8A /* ListaBotonesView.swift in Sources */,
				A7A19FAC2D15050E00F7AFF8 /* LoginView.swift in Sources */,
				A7A19FB52D15128B00F7AFF8 /* tarea03.swift in Sources */,
				A7A15ED62D126DAF00F150F8 /* Tarea02.swift in Sources */,
			);
			runOnlyForDeploymentPostprocessing = 0;
		};
		A74CA7DA2D0BC6E600ADE11A /* Sources */ = {
			isa = PBXSourcesBuildPhase;
			buildActionMask = 2147483647;
			files = (
				A7A15ED22D126AAE00F150F8 /* SaludosView.swift in Sources */,
				A7C358BC2D1A364800FBEA8A /* BotonesView.swift in Sources */,
				A74CA7E52D0BC6E600ADE11A /* ContentView.swift in Sources */,
				A74CA7E32D0BC6E600ADE11A /* CatalogosAppApp.swift in Sources */,
				A7A19FA42D14FAD400F7AFF8 /* ImagesView.swift in Sources */,
				A70C7E2F2D13AE7700ABEAB7 /* MyCreditCardsView.swift in Sources */,
				A70C7E2A2D13A86200ABEAB7 /* CreditCardView.swift in Sources */,
				A7C358C32D1A440900FBEA8A /* ListaBotonesView.swift in Sources */,
				A7A19FAD2D15050E00F7AFF8 /* LoginView.swift in Sources */,
				A7A19FB62D15128B00F7AFF8 /* tarea03.swift in Sources */,
				A7A15ED72D126DAF00F150F8 /* Tarea02.swift in Sources */,
			);
			runOnlyForDeploymentPostprocessing = 0;
		};
/* End PBXSourcesBuildPhase section */

/* Begin XCBuildConfiguration section */
		A74CA7E82D0BC6E600ADE11A /* Debug */ = {
			isa = XCBuildConfiguration;
			buildSettings = {
				ALWAYS_SEARCH_USER_PATHS = NO;
				CLANG_ANALYZER_NONNULL = YES;
				CLANG_ANALYZER_NUMBER_OBJECT_CONVERSION = YES_AGGRESSIVE;
				CLANG_CXX_LANGUAGE_STANDARD = "gnu++14";
				CLANG_CXX_LIBRARY = "libc++";
				CLANG_ENABLE_MODULES = YES;
				CLANG_ENABLE_OBJC_ARC = YES;
				CLANG_ENABLE_OBJC_WEAK = YES;
				CLANG_WARN_BLOCK_CAPTURE_AUTORELEASING = YES;
				CLANG_WARN_BOOL_CONVERSION = YES;
				CLANG_WARN_COMMA = YES;
				CLANG_WARN_CONSTANT_CONVERSION = YES;
				CLANG_WARN_DEPRECATED_OBJC_IMPLEMENTATIONS = YES;
				CLANG_WARN_DIRECT_OBJC_ISA_USAGE = YES_ERROR;
				CLANG_WARN_DOCUMENTATION_COMMENTS = YES;
				CLANG_WARN_EMPTY_BODY = YES;
				CLANG_WARN_ENUM_CONVERSION = YES;
				CLANG_WARN_INFINITE_RECURSION = YES;
				CLANG_WARN_INT_CONVERSION = YES;
				CLANG_WARN_NON_LITERAL_NULL_CONVERSION = YES;
				CLANG_WARN_OBJC_IMPLICIT_RETAIN_SELF = YES;
				CLANG_WARN_OBJC_LITERAL_CONVERSION = YES;
				CLANG_WARN_OBJC_ROOT_CLASS = YES_ERROR;
				CLANG_WARN_QUOTED_INCLUDE_IN_FRAMEWORK_HEADER = YES;
				CLANG_WARN_RANGE_LOOP_ANALYSIS = YES;
				CLANG_WARN_STRICT_PROTOTYPES = YES;
				CLANG_WARN_SUSPICIOUS_MOVE = YES;
				CLANG_WARN_UNGUARDED_AVAILABILITY = YES_AGGRESSIVE;
				CLANG_WARN_UNREACHABLE_CODE = YES;
				CLANG_WARN__DUPLICATE_METHOD_MATCH = YES;
				COPY_PHASE_STRIP = NO;
				DEBUG_INFORMATION_FORMAT = dwarf;
				ENABLE_STRICT_OBJC_MSGSEND = YES;
				ENABLE_TESTABILITY = YES;
				GCC_C_LANGUAGE_STANDARD = gnu11;
				GCC_DYNAMIC_NO_PIC = NO;
				GCC_NO_COMMON_BLOCKS = YES;
				GCC_OPTIMIZATION_LEVEL = 0;
				GCC_PREPROCESSOR_DEFINITIONS = (
					"DEBUG=1",
					"$(inherited)",
				);
				GCC_WARN_64_TO_32_BIT_CONVERSION = YES;
				GCC_WARN_ABOUT_RETURN_TYPE = YES_ERROR;
				GCC_WARN_UNDECLARED_SELECTOR = YES;
				GCC_WARN_UNINITIALIZED_AUTOS = YES_AGGRESSIVE;
				GCC_WARN_UNUSED_FUNCTION = YES;
				GCC_WARN_UNUSED_VARIABLE = YES;
				MTL_ENABLE_DEBUG_INFO = INCLUDE_SOURCE;
				MTL_FAST_MATH = YES;
				ONLY_ACTIVE_ARCH = YES;
				SWIFT_ACTIVE_COMPILATION_CONDITIONS = DEBUG;
				SWIFT_OPTIMIZATION_LEVEL = "-Onone";
			};
			name = Debug;
		};
		A74CA7E92D0BC6E600ADE11A /* Release */ = {
			isa = XCBuildConfiguration;
			buildSettings = {
				ALWAYS_SEARCH_USER_PATHS = NO;
				CLANG_ANALYZER_NONNULL = YES;
				CLANG_ANALYZER_NUMBER_OBJECT_CONVERSION = YES_AGGRESSIVE;
				CLANG_CXX_LANGUAGE_STANDARD = "gnu++14";
				CLANG_CXX_LIBRARY = "libc++";
				CLANG_ENABLE_MODULES = YES;
				CLANG_ENABLE_OBJC_ARC = YES;
				CLANG_ENABLE_OBJC_WEAK = YES;
				CLANG_WARN_BLOCK_CAPTURE_AUTORELEASING = YES;
				CLANG_WARN_BOOL_CONVERSION = YES;
				CLANG_WARN_COMMA = YES;
				CLANG_WARN_CONSTANT_CONVERSION = YES;
				CLANG_WARN_DEPRECATED_OBJC_IMPLEMENTATIONS = YES;
				CLANG_WARN_DIRECT_OBJC_ISA_USAGE = YES_ERROR;
				CLANG_WARN_DOCUMENTATION_COMMENTS = YES;
				CLANG_WARN_EMPTY_BODY = YES;
				CLANG_WARN_ENUM_CONVERSION = YES;
				CLANG_WARN_INFINITE_RECURSION = YES;
				CLANG_WARN_INT_CONVERSION = YES;
				CLANG_WARN_NON_LITERAL_NULL_CONVERSION = YES;
				CLANG_WARN_OBJC_IMPLICIT_RETAIN_SELF = YES;
				CLANG_WARN_OBJC_LITERAL_CONVERSION = YES;
				CLANG_WARN_OBJC_ROOT_CLASS = YES_ERROR;
				CLANG_WARN_QUOTED_INCLUDE_IN_FRAMEWORK_HEADER = YES;
				CLANG_WARN_RANGE_LOOP_ANALYSIS = YES;
				CLANG_WARN_STRICT_PROTOTYPES = YES;
				CLANG_WARN_SUSPICIOUS_MOVE = YES;
				CLANG_WARN_UNGUARDED_AVAILABILITY = YES_AGGRESSIVE;
				CLANG_WARN_UNREACHABLE_CODE = YES;
				CLANG_WARN__DUPLICATE_METHOD_MATCH = YES;
				COPY_PHASE_STRIP = NO;
				DEBUG_INFORMATION_FORMAT = "dwarf-with-dsym";
				ENABLE_NS_ASSERTIONS = NO;
				ENABLE_STRICT_OBJC_MSGSEND = YES;
				GCC_C_LANGUAGE_STANDARD = gnu11;
				GCC_NO_COMMON_BLOCKS = YES;
				GCC_WARN_64_TO_32_BIT_CONVERSION = YES;
				GCC_WARN_ABOUT_RETURN_TYPE = YES_ERROR;
				GCC_WARN_UNDECLARED_SELECTOR = YES;
				GCC_WARN_UNINITIALIZED_AUTOS = YES_AGGRESSIVE;
				GCC_WARN_UNUSED_FUNCTION = YES;
				GCC_WARN_UNUSED_VARIABLE = YES;
				MTL_ENABLE_DEBUG_INFO = NO;
				MTL_FAST_MATH = YES;
				SWIFT_COMPILATION_MODE = wholemodule;
				SWIFT_OPTIMIZATION_LEVEL = "-O";
			};
			name = Release;
		};
		A74CA7EB2D0BC6E600ADE11A /* Debug */ = {
			isa = XCBuildConfiguration;
			buildSettings = {
				ASSETCATALOG_COMPILER_APPICON_NAME = AppIcon;
				ASSETCATALOG_COMPILER_GLOBAL_ACCENT_COLOR_NAME = AccentColor;
				CODE_SIGN_STYLE = Automatic;
				CURRENT_PROJECT_VERSION = 1;
				ENABLE_PREVIEWS = YES;
				INFOPLIST_FILE = iOS/Info.plist;
				IPHONEOS_DEPLOYMENT_TARGET = 14.4;
				LD_RUNPATH_SEARCH_PATHS = (
					"$(inherited)",
					"@executable_path/Frameworks",
				);
				PRODUCT_BUNDLE_IDENTIFIER = sie.edu.CatalogosApp;
				PRODUCT_NAME = CatalogosApp;
				SDKROOT = iphoneos;
				SWIFT_VERSION = 5.0;
				TARGETED_DEVICE_FAMILY = "1,2";
			};
			name = Debug;
		};
		A74CA7EC2D0BC6E600ADE11A /* Release */ = {
			isa = XCBuildConfiguration;
			buildSettings = {
				ASSETCATALOG_COMPILER_APPICON_NAME = AppIcon;
				ASSETCATALOG_COMPILER_GLOBAL_ACCENT_COLOR_NAME = AccentColor;
				CODE_SIGN_STYLE = Automatic;
				CURRENT_PROJECT_VERSION = 1;
				ENABLE_PREVIEWS = YES;
				INFOPLIST_FILE = iOS/Info.plist;
				IPHONEOS_DEPLOYMENT_TARGET = 14.4;
				LD_RUNPATH_SEARCH_PATHS = (
					"$(inherited)",
					"@executable_path/Frameworks",
				);
				PRODUCT_BUNDLE_IDENTIFIER = sie.edu.CatalogosApp;
				PRODUCT_NAME = CatalogosApp;
				SDKROOT = iphoneos;
				SWIFT_VERSION = 5.0;
				TARGETED_DEVICE_FAMILY = "1,2";
				VALIDATE_PRODUCT = YES;
			};
			name = Release;
		};
		A74CA7EE2D0BC6E600ADE11A /* Debug */ = {
			isa = XCBuildConfiguration;
			buildSettings = {
				ASSETCATALOG_COMPILER_APPICON_NAME = AppIcon;
				ASSETCATALOG_COMPILER_GLOBAL_ACCENT_COLOR_NAME = AccentColor;
				CODE_SIGN_ENTITLEMENTS = macOS/macOS.entitlements;
				CODE_SIGN_STYLE = Automatic;
				COMBINE_HIDPI_IMAGES = YES;
				ENABLE_PREVIEWS = YES;
				INFOPLIST_FILE = macOS/Info.plist;
				LD_RUNPATH_SEARCH_PATHS = (
					"$(inherited)",
					"@executable_path/../Frameworks",
				);
				MACOSX_DEPLOYMENT_TARGET = 11.0;
				PRODUCT_BUNDLE_IDENTIFIER = sie.edu.CatalogosApp;
				PRODUCT_NAME = CatalogosApp;
				SDKROOT = macosx;
				SWIFT_VERSION = 5.0;
			};
			name = Debug;
		};
		A74CA7EF2D0BC6E600ADE11A /* Release */ = {
			isa = XCBuildConfiguration;
			buildSettings = {
				ASSETCATALOG_COMPILER_APPICON_NAME = AppIcon;
				ASSETCATALOG_COMPILER_GLOBAL_ACCENT_COLOR_NAME = AccentColor;
				CODE_SIGN_ENTITLEMENTS = macOS/macOS.entitlements;
				CODE_SIGN_STYLE = Automatic;
				COMBINE_HIDPI_IMAGES = YES;
				ENABLE_PREVIEWS = YES;
				INFOPLIST_FILE = macOS/Info.plist;
				LD_RUNPATH_SEARCH_PATHS = (
					"$(inherited)",
					"@executable_path/../Frameworks",
				);
				MACOSX_DEPLOYMENT_TARGET = 11.0;
				PRODUCT_BUNDLE_IDENTIFIER = sie.edu.CatalogosApp;
				PRODUCT_NAME = CatalogosApp;
				SDKROOT = macosx;
				SWIFT_VERSION = 5.0;
			};
			name = Release;
		};
/* End XCBuildConfiguration section */

/* Begin XCConfigurationList section */
		A74CA7CD2D0BC6E200ADE11A /* Build configuration list for PBXProject "CatalogosApp" */ = {
			isa = XCConfigurationList;
			buildConfigurations = (
				A74CA7E82D0BC6E600ADE11A /* Debug */,
				A74CA7E92D0BC6E600ADE11A /* Release */,
			);
			defaultConfigurationIsVisible = 0;
			defaultConfigurationName = Release;
		};
		A74CA7EA2D0BC6E600ADE11A /* Build configuration list for PBXNativeTarget "CatalogosApp (iOS)" */ = {
			isa = XCConfigurationList;
			buildConfigurations = (
				A74CA7EB2D0BC6E600ADE11A /* Debug */,
				A74CA7EC2D0BC6E600ADE11A /* Release */,
			);
			defaultConfigurationIsVisible = 0;
			defaultConfigurationName = Release;
		};
		A74CA7ED2D0BC6E600ADE11A /* Build configuration list for PBXNativeTarget "CatalogosApp (macOS)" */ = {
			isa = XCConfigurationList;
			buildConfigurations = (
				A74CA7EE2D0BC6E600ADE11A /* Debug */,
				A74CA7EF2D0BC6E600ADE11A /* Release */,
			);
			defaultConfigurationIsVisible = 0;
			defaultConfigurationName = Release;
		};
/* End XCConfigurationList section */
	};
	rootObject = A74CA7CA2D0BC6E200ADE11A /* Project object */;
}
